
Microsoft Visual Studio Solution File, Format Version 12.00
# Visual Studio Version 17
VisualStudioVersion = 17.8.34330.188
MinimumVisualStudioVersion = 10.0.40219.1
Project("{2150E333-8FDC-42A3-9474-1A3956D46DE8}") = "src", "src", "{7A8C4DF7-253C-400C-BA78-BDCCD7A810D6}"
EndProject
Project("{2150E333-8FDC-42A3-9474-1A3956D46DE8}") = "tools", "tools", "{6F27EA56-25B1-46D9-A948-8D221D77DDD4}"
EndProject
Project("{2150E333-8FDC-42A3-9474-1A3956D46DE8}") = "library", "library", "{982919A7-7046-44DD-AAFB-E16B1A0A37DC}"
EndProject
Project("{FAE04EC0-301F-11D3-BF4B-00C04F79EFBC}") = "Shop.Domain", "Shop.Domain\Shop.Domain.csproj", "{5D1FD787-9C0F-4697-AAA2-51F0BA1BD34F}"
EndProject
Project("{FAE04EC0-301F-11D3-BF4B-00C04F79EFBC}") = "Shop.Application", "Shop.Application\Shop.Application.csproj", "{DAE89D1D-409E-4E6F-925C-25BD5B27C117}"
EndProject
Project("{2150E333-8FDC-42A3-9474-1A3956D46DE8}") = "database", "database", "{CC9505E6-9668-44C7-88FB-BED272DE838E}"
EndProject
Project("{2150E333-8FDC-42A3-9474-1A3956D46DE8}") = "presentations", "presentations", "{17209832-B5A0-4FF6-89C7-CE0CC89B2887}"
EndProject
Project("{FAE04EC0-301F-11D3-BF4B-00C04F79EFBC}") = "Shop.Api", "Shop.Api\Shop.Api.csproj", "{4005A245-5BEC-4866-9223-3B7FAC7EFCEF}"
EndProject
Project("{FAE04EC0-301F-11D3-BF4B-00C04F79EFBC}") = "Shop.ConsoleClient", "Shop.ConsoleClient\Shop.ConsoleClient.csproj", "{1956B642-769D-444A-A270-9D450D822B4B}"
EndProject
Project("{FAE04EC0-301F-11D3-BF4B-00C04F79EFBC}") = "Shop.Data", "Shop.Data\Shop.Data.csproj", "{29D3D215-BAE5-4AC2-A165-46B054504F8F}"
EndProject
Project("{FAE04EC0-301F-11D3-BF4B-00C04F79EFBC}") = "IdentityServer", "IdentityServer\IdentityServer.csproj", "{81E40DAE-FAE3-424E-A10B-CBB911076E7C}"
EndProject
Project("{2150E333-8FDC-42A3-9474-1A3956D46DE8}") = "tests", "tests", "{9D17E9FE-023E-41B2-9503-EF1B19A91050}"
EndProject
Project("{FAE04EC0-301F-11D3-BF4B-00C04F79EFBC}") = "Shop.Api.Integration.Tests", "Shop.Api.Integration.Tests\Shop.Api.Integration.Tests.csproj", "{65D95650-CECA-4842-85FD-9CDCA79B1938}"
EndProject
Project("{2150E333-8FDC-42A3-9474-1A3956D46DE8}") = "Solution Items", "Solution Items", "{2C195929-DE63-4F74-A3D1-591091E55ED7}"
	ProjectSection(SolutionItems) = preProject
		docker-compose.yml = docker-compose.yml
	EndProjectSection
EndProject
Global
	GlobalSection(SolutionConfigurationPlatforms) = preSolution
		Debug|Any CPU = Debug|Any CPU
		Release|Any CPU = Release|Any CPU
	EndGlobalSection
	GlobalSection(ProjectConfigurationPlatforms) = postSolution
		{5D1FD787-9C0F-4697-AAA2-51F0BA1BD34F}.Debug|Any CPU.ActiveCfg = Debug|Any CPU
		{5D1FD787-9C0F-4697-AAA2-51F0BA1BD34F}.Debug|Any CPU.Build.0 = Debug|Any CPU
		{5D1FD787-9C0F-4697-AAA2-51F0BA1BD34F}.Release|Any CPU.ActiveCfg = Release|Any CPU
		{5D1FD787-9C0F-4697-AAA2-51F0BA1BD34F}.Release|Any CPU.Build.0 = Release|Any CPU
		{DAE89D1D-409E-4E6F-925C-25BD5B27C117}.Debug|Any CPU.ActiveCfg = Debug|Any CPU
		{DAE89D1D-409E-4E6F-925C-25BD5B27C117}.Debug|Any CPU.Build.0 = Debug|Any CPU
		{DAE89D1D-409E-4E6F-925C-25BD5B27C117}.Release|Any CPU.ActiveCfg = Release|Any CPU
		{DAE89D1D-409E-4E6F-925C-25BD5B27C117}.Release|Any CPU.Build.0 = Release|Any CPU
		{4005A245-5BEC-4866-9223-3B7FAC7EFCEF}.Debug|Any CPU.ActiveCfg = Debug|Any CPU
		{4005A245-5BEC-4866-9223-3B7FAC7EFCEF}.Debug|Any CPU.Build.0 = Debug|Any CPU
		{4005A245-5BEC-4866-9223-3B7FAC7EFCEF}.Release|Any CPU.ActiveCfg = Release|Any CPU
		{4005A245-5BEC-4866-9223-3B7FAC7EFCEF}.Release|Any CPU.Build.0 = Release|Any CPU
		{1956B642-769D-444A-A270-9D450D822B4B}.Debug|Any CPU.ActiveCfg = Debug|Any CPU
		{1956B642-769D-444A-A270-9D450D822B4B}.Debug|Any CPU.Build.0 = Debug|Any CPU
		{1956B642-769D-444A-A270-9D450D822B4B}.Release|Any CPU.ActiveCfg = Release|Any CPU
		{1956B642-769D-444A-A270-9D450D822B4B}.Release|Any CPU.Build.0 = Release|Any CPU
		{29D3D215-BAE5-4AC2-A165-46B054504F8F}.Debug|Any CPU.ActiveCfg = Debug|Any CPU
		{29D3D215-BAE5-4AC2-A165-46B054504F8F}.Debug|Any CPU.Build.0 = Debug|Any CPU
		{29D3D215-BAE5-4AC2-A165-46B054504F8F}.Release|Any CPU.ActiveCfg = Release|Any CPU
		{29D3D215-BAE5-4AC2-A165-46B054504F8F}.Release|Any CPU.Build.0 = Release|Any CPU
		{81E40DAE-FAE3-424E-A10B-CBB911076E7C}.Debug|Any CPU.ActiveCfg = Debug|Any CPU
		{81E40DAE-FAE3-424E-A10B-CBB911076E7C}.Debug|Any CPU.Build.0 = Debug|Any CPU
		{81E40DAE-FAE3-424E-A10B-CBB911076E7C}.Release|Any CPU.ActiveCfg = Release|Any CPU
		{81E40DAE-FAE3-424E-A10B-CBB911076E7C}.Release|Any CPU.Build.0 = Release|Any CPU
		{65D95650-CECA-4842-85FD-9CDCA79B1938}.Debug|Any CPU.ActiveCfg = Debug|Any CPU
		{65D95650-CECA-4842-85FD-9CDCA79B1938}.Debug|Any CPU.Build.0 = Debug|Any CPU
		{65D95650-CECA-4842-85FD-9CDCA79B1938}.Release|Any CPU.ActiveCfg = Release|Any CPU
		{65D95650-CECA-4842-85FD-9CDCA79B1938}.Release|Any CPU.Build.0 = Release|Any CPU
	EndGlobalSection
	GlobalSection(SolutionProperties) = preSolution
		HideSolutionNode = FALSE
	EndGlobalSection
	GlobalSection(NestedProjects) = preSolution
		{6F27EA56-25B1-46D9-A948-8D221D77DDD4} = {7A8C4DF7-253C-400C-BA78-BDCCD7A810D6}
		{982919A7-7046-44DD-AAFB-E16B1A0A37DC} = {7A8C4DF7-253C-400C-BA78-BDCCD7A810D6}
		{5D1FD787-9C0F-4697-AAA2-51F0BA1BD34F} = {982919A7-7046-44DD-AAFB-E16B1A0A37DC}
		{DAE89D1D-409E-4E6F-925C-25BD5B27C117} = {982919A7-7046-44DD-AAFB-E16B1A0A37DC}
		{CC9505E6-9668-44C7-88FB-BED272DE838E} = {7A8C4DF7-253C-400C-BA78-BDCCD7A810D6}
		{17209832-B5A0-4FF6-89C7-CE0CC89B2887} = {7A8C4DF7-253C-400C-BA78-BDCCD7A810D6}
		{4005A245-5BEC-4866-9223-3B7FAC7EFCEF} = {17209832-B5A0-4FF6-89C7-CE0CC89B2887}
		{1956B642-769D-444A-A270-9D450D822B4B} = {17209832-B5A0-4FF6-89C7-CE0CC89B2887}
		{29D3D215-BAE5-4AC2-A165-46B054504F8F} = {CC9505E6-9668-44C7-88FB-BED272DE838E}
		{81E40DAE-FAE3-424E-A10B-CBB911076E7C} = {6F27EA56-25B1-46D9-A948-8D221D77DDD4}
		{65D95650-CECA-4842-85FD-9CDCA79B1938} = {9D17E9FE-023E-41B2-9503-EF1B19A91050}
	EndGlobalSection
	GlobalSection(ExtensibilityGlobals) = postSolution
		SolutionGuid = {AFDD4A9A-3E9A-4250-8822-60C76AC132E1}
	EndGlobalSection
EndGlobal
